
Microsoft Visual Studio Solution File, Format Version 12.00
# Visual Studio 15
VisualStudioVersion = 15.0.28307.1022
MinimumVisualStudioVersion = 10.0.40219.1
Project("{FAE04EC0-301F-11D3-BF4B-00C04F79EFBC}") = "QuotesApi", "QuotesApi\QuotesApi.csproj", "{342AC930-313B-43F8-A6B1-761DB53477FD}"
EndProject
Global
	GlobalSection(SolutionConfigurationPlatforms) = preSolution
		Debug|Any CPU = Debug|Any CPU
		Release|Any CPU = Release|Any CPU
	EndGlobalSection
	GlobalSection(ProjectConfigurationPlatforms) = postSolution
		{342AC930-313B-43F8-A6B1-761DB53477FD}.Debug|Any CPU.ActiveCfg = Debug|Any CPU
		{342AC930-313B-43F8-A6B1-761DB53477FD}.Debug|Any CPU.Build.0 = Debug|Any CPU
		{342AC930-313B-43F8-A6B1-761DB53477FD}.Release|Any CPU.ActiveCfg = Release|Any CPU
		{342AC930-313B-43F8-A6B1-761DB53477FD}.Release|Any CPU.Build.0 = Release|Any CPU
	EndGlobalSection
	GlobalSection(SolutionProperties) = preSolution
		HideSolutionNode = FALSE
	EndGlobalSection
	GlobalSection(ExtensibilityGlobals) = postSolution
		SolutionGuid = {B2BF6F81-5C06-4BE7-9E98-544E914370C5}
	EndGlobalSection
EndGlobal
